// !$*UTF8*$!
{
	archiveVersion = 1;
	classes = {
	};
	objectVersion = 56;
	objects = {

/* Begin PBXBuildFile section */
		5D2991BE29FAF672009F9A9D /* HomeView.swift in Sources */ = {isa = PBXBuildFile; fileRef = 5D2991BD29FAF672009F9A9D /* HomeView.swift */; };
		5D2991C229FAF789009F9A9D /* CircleButtonView.swift in Sources */ = {isa = PBXBuildFile; fileRef = 5D2991C129FAF789009F9A9D /* CircleButtonView.swift */; };
		5D2991CA29FAFF9B009F9A9D /* CoinModel.swift in Sources */ = {isa = PBXBuildFile; fileRef = 5D2991C929FAFF9B009F9A9D /* CoinModel.swift */; };
		5D3DC88C2A00473500E1CC14 /* LocalFileManager.swift in Sources */ = {isa = PBXBuildFile; fileRef = 5D3DC88B2A00473500E1CC14 /* LocalFileManager.swift */; };
		5D4BAF1F29FFBE5E00B3D3FB /* CoinImageView.swift in Sources */ = {isa = PBXBuildFile; fileRef = 5D4BAF1E29FFBE5E00B3D3FB /* CoinImageView.swift */; };
		5D4BAF2129FFBE6F00B3D3FB /* CoinImageViewModel.swift in Sources */ = {isa = PBXBuildFile; fileRef = 5D4BAF2029FFBE6F00B3D3FB /* CoinImageViewModel.swift */; };
		5D4BAF2329FFC49A00B3D3FB /* CoinImageService.swift in Sources */ = {isa = PBXBuildFile; fileRef = 5D4BAF2229FFC49A00B3D3FB /* CoinImageService.swift */; };
		5D4DBCE129FD12CD00627E9C /* CoinRowView.swift in Sources */ = {isa = PBXBuildFile; fileRef = 5D4DBCE029FD12CD00627E9C /* CoinRowView.swift */; };
		5D4DBCE329FD133100627E9C /* PreviewProvider.swift in Sources */ = {isa = PBXBuildFile; fileRef = 5D4DBCE229FD133100627E9C /* PreviewProvider.swift */; };
		5D4DBCE529FD15BB00627E9C /* Double.swift in Sources */ = {isa = PBXBuildFile; fileRef = 5D4DBCE429FD15BB00627E9C /* Double.swift */; };
		5D4DBCE729FD1D1C00627E9C /* HomeViewModel.swift in Sources */ = {isa = PBXBuildFile; fileRef = 5D4DBCE629FD1D1C00627E9C /* HomeViewModel.swift */; };
		5D4DBCEA29FD45F500627E9C /* CoinDataService.swift in Sources */ = {isa = PBXBuildFile; fileRef = 5D4DBCE929FD45F500627E9C /* CoinDataService.swift */; };
		5D4DBCEC29FD493D00627E9C /* Constants.swift in Sources */ = {isa = PBXBuildFile; fileRef = 5D4DBCEB29FD493D00627E9C /* Constants.swift */; };
		5D4DBCEF29FD505500627E9C /* NetworkingManager.swift in Sources */ = {isa = PBXBuildFile; fileRef = 5D4DBCEE29FD505500627E9C /* NetworkingManager.swift */; };
		5D4F9BF32A2D27AD00207CC0 /* SettingsView.swift in Sources */ = {isa = PBXBuildFile; fileRef = 5D4F9BF22A2D27AD00207CC0 /* SettingsView.swift */; };
		5D4F9BF62A2D28AD00207CC0 /* SettigsViewModel.swift in Sources */ = {isa = PBXBuildFile; fileRef = 5D4F9BF52A2D28AD00207CC0 /* SettigsViewModel.swift */; };
		5D6605E329F9B43A006FE5AD /* Crypto_iOSApp.swift in Sources */ = {isa = PBXBuildFile; fileRef = 5D6605E229F9B43A006FE5AD /* Crypto_iOSApp.swift */; };
		5D6605E529F9B43A006FE5AD /* ContentView.swift in Sources */ = {isa = PBXBuildFile; fileRef = 5D6605E429F9B43A006FE5AD /* ContentView.swift */; };
		5D6605E729F9B43B006FE5AD /* Assets.xcassets in Resources */ = {isa = PBXBuildFile; fileRef = 5D6605E629F9B43B006FE5AD /* Assets.xcassets */; };
		5D6605EA29F9B43B006FE5AD /* Preview Assets.xcassets in Resources */ = {isa = PBXBuildFile; fileRef = 5D6605E929F9B43B006FE5AD /* Preview Assets.xcassets */; };
		5D6605F229F9B6A0006FE5AD /* Color.swift in Sources */ = {isa = PBXBuildFile; fileRef = 5D6605F129F9B6A0006FE5AD /* Color.swift */; };
		5D840E2E2A053B4900E6EE04 /* PortfolioView.swift in Sources */ = {isa = PBXBuildFile; fileRef = 5D840E2D2A053B4900E6EE04 /* PortfolioView.swift */; };
		5D840E312A053B8A00E6EE04 /* xmarkButton.swift in Sources */ = {isa = PBXBuildFile; fileRef = 5D840E302A053B8A00E6EE04 /* xmarkButton.swift */; };
		5D840E332A053F8100E6EE04 /* CoinLogoView.swift in Sources */ = {isa = PBXBuildFile; fileRef = 5D840E322A053F8100E6EE04 /* CoinLogoView.swift */; };
		5D8CB1972A2BC42F009A992A /* ChartView.swift in Sources */ = {isa = PBXBuildFile; fileRef = 5D8CB1962A2BC42F009A992A /* ChartView.swift */; };
		5D8CB1992A2BC976009A992A /* Date.swift in Sources */ = {isa = PBXBuildFile; fileRef = 5D8CB1982A2BC976009A992A /* Date.swift */; };
		5D8CB19B2A2BD15B009A992A /* String.swift in Sources */ = {isa = PBXBuildFile; fileRef = 5D8CB19A2A2BD15B009A992A /* String.swift */; };
		5DB017762A140BED0011A7A7 /* CoinDetailModel.swift in Sources */ = {isa = PBXBuildFile; fileRef = 5DB017752A140BED0011A7A7 /* CoinDetailModel.swift */; };
		5DB017792A140EA70011A7A7 /* DetailViewModel.swift in Sources */ = {isa = PBXBuildFile; fileRef = 5DB017782A140EA70011A7A7 /* DetailViewModel.swift */; };
		5DB0177B2A140ED20011A7A7 /* CoinDetailDataService.swift in Sources */ = {isa = PBXBuildFile; fileRef = 5DB0177A2A140ED20011A7A7 /* CoinDetailDataService.swift */; };
		5DB048392A01011800884FF9 /* SearchBarView.swift in Sources */ = {isa = PBXBuildFile; fileRef = 5DB048382A01011800884FF9 /* SearchBarView.swift */; };
		5DB0483B2A01070C00884FF9 /* UIApplicaation.swift in Sources */ = {isa = PBXBuildFile; fileRef = 5DB0483A2A01070C00884FF9 /* UIApplicaation.swift */; };
		5DB974AC2A0442B90037A799 /* MarketDataModel.swift in Sources */ = {isa = PBXBuildFile; fileRef = 5DB974AB2A0442B90037A799 /* MarketDataModel.swift */; };
		5DB974AE2A0446630037A799 /* MarketDataService.swift in Sources */ = {isa = PBXBuildFile; fileRef = 5DB974AD2A0446630037A799 /* MarketDataService.swift */; };
		5DD310D92A0596BF00D121B0 /* PortfolioContainer.xcdatamodeld in Sources */ = {isa = PBXBuildFile; fileRef = 5DD310D72A0596BF00D121B0 /* PortfolioContainer.xcdatamodeld */; };
		5DD310DB2A05973600D121B0 /* PortfolioDataService.swift in Sources */ = {isa = PBXBuildFile; fileRef = 5DD310DA2A05973600D121B0 /* PortfolioDataService.swift */; };
		5DD50E112A043B4600D5B879 /* StatisticsModel.swift in Sources */ = {isa = PBXBuildFile; fileRef = 5DD50E102A043B4600D5B879 /* StatisticsModel.swift */; };
		5DD50E142A043C6100D5B879 /* StatisticsView.swift in Sources */ = {isa = PBXBuildFile; fileRef = 5DD50E132A043C6100D5B879 /* StatisticsView.swift */; };
		5DD50E162A043F0A00D5B879 /* HomeStatsView.swift in Sources */ = {isa = PBXBuildFile; fileRef = 5DD50E152A043F0A00D5B879 /* HomeStatsView.swift */; };
		5DD6D9952A12CBC000F444BD /* DetailView.swift in Sources */ = {isa = PBXBuildFile; fileRef = 5DD6D9942A12CBC000F444BD /* DetailView.swift */; };
/* End PBXBuildFile section */

/* Begin PBXFileReference section */
		5D2991BD29FAF672009F9A9D /* HomeView.swift */ = {isa = PBXFileReference; lastKnownFileType = sourcecode.swift; path = HomeView.swift; sourceTree = "<group>"; };
		5D2991C129FAF789009F9A9D /* CircleButtonView.swift */ = {isa = PBXFileReference; lastKnownFileType = sourcecode.swift; path = CircleButtonView.swift; sourceTree = "<group>"; };
		5D2991C929FAFF9B009F9A9D /* CoinModel.swift */ = {isa = PBXFileReference; lastKnownFileType = sourcecode.swift; path = CoinModel.swift; sourceTree = "<group>"; };
		5D3DC88B2A00473500E1CC14 /* LocalFileManager.swift */ = {isa = PBXFileReference; lastKnownFileType = sourcecode.swift; path = LocalFileManager.swift; sourceTree = "<group>"; };
		5D4BAF1E29FFBE5E00B3D3FB /* CoinImageView.swift */ = {isa = PBXFileReference; lastKnownFileType = sourcecode.swift; path = CoinImageView.swift; sourceTree = "<group>"; };
		5D4BAF2029FFBE6F00B3D3FB /* CoinImageViewModel.swift */ = {isa = PBXFileReference; lastKnownFileType = sourcecode.swift; path = CoinImageViewModel.swift; sourceTree = "<group>"; };
		5D4BAF2229FFC49A00B3D3FB /* CoinImageService.swift */ = {isa = PBXFileReference; lastKnownFileType = sourcecode.swift; path = CoinImageService.swift; sourceTree = "<group>"; };
		5D4DBCE029FD12CD00627E9C /* CoinRowView.swift */ = {isa = PBXFileReference; lastKnownFileType = sourcecode.swift; path = CoinRowView.swift; sourceTree = "<group>"; };
		5D4DBCE229FD133100627E9C /* PreviewProvider.swift */ = {isa = PBXFileReference; lastKnownFileType = sourcecode.swift; path = PreviewProvider.swift; sourceTree = "<group>"; };
		5D4DBCE429FD15BB00627E9C /* Double.swift */ = {isa = PBXFileReference; lastKnownFileType = sourcecode.swift; path = Double.swift; sourceTree = "<group>"; };
		5D4DBCE629FD1D1C00627E9C /* HomeViewModel.swift */ = {isa = PBXFileReference; lastKnownFileType = sourcecode.swift; path = HomeViewModel.swift; sourceTree = "<group>"; };
		5D4DBCE929FD45F500627E9C /* CoinDataService.swift */ = {isa = PBXFileReference; lastKnownFileType = sourcecode.swift; path = CoinDataService.swift; sourceTree = "<group>"; };
		5D4DBCEB29FD493D00627E9C /* Constants.swift */ = {isa = PBXFileReference; lastKnownFileType = sourcecode.swift; path = Constants.swift; sourceTree = "<group>"; };
		5D4DBCEE29FD505500627E9C /* NetworkingManager.swift */ = {isa = PBXFileReference; lastKnownFileType = sourcecode.swift; path = NetworkingManager.swift; sourceTree = "<group>"; };
		5D4F9BF22A2D27AD00207CC0 /* SettingsView.swift */ = {isa = PBXFileReference; lastKnownFileType = sourcecode.swift; path = SettingsView.swift; sourceTree = "<group>"; };
		5D4F9BF52A2D28AD00207CC0 /* SettigsViewModel.swift */ = {isa = PBXFileReference; lastKnownFileType = sourcecode.swift; path = SettigsViewModel.swift; sourceTree = "<group>"; };
		5D6605DF29F9B43A006FE5AD /* Crypto-iOS.app */ = {isa = PBXFileReference; explicitFileType = wrapper.application; includeInIndex = 0; path = "Crypto-iOS.app"; sourceTree = BUILT_PRODUCTS_DIR; };
		5D6605E229F9B43A006FE5AD /* Crypto_iOSApp.swift */ = {isa = PBXFileReference; lastKnownFileType = sourcecode.swift; path = Crypto_iOSApp.swift; sourceTree = "<group>"; };
		5D6605E429F9B43A006FE5AD /* ContentView.swift */ = {isa = PBXFileReference; lastKnownFileType = sourcecode.swift; path = ContentView.swift; sourceTree = "<group>"; };
		5D6605E629F9B43B006FE5AD /* Assets.xcassets */ = {isa = PBXFileReference; lastKnownFileType = folder.assetcatalog; path = Assets.xcassets; sourceTree = "<group>"; };
		5D6605E929F9B43B006FE5AD /* Preview Assets.xcassets */ = {isa = PBXFileReference; lastKnownFileType = folder.assetcatalog; path = "Preview Assets.xcassets"; sourceTree = "<group>"; };
		5D6605F129F9B6A0006FE5AD /* Color.swift */ = {isa = PBXFileReference; lastKnownFileType = sourcecode.swift; path = Color.swift; sourceTree = "<group>"; };
		5D840E2D2A053B4900E6EE04 /* PortfolioView.swift */ = {isa = PBXFileReference; lastKnownFileType = sourcecode.swift; path = PortfolioView.swift; sourceTree = "<group>"; };
		5D840E302A053B8A00E6EE04 /* xmarkButton.swift */ = {isa = PBXFileReference; lastKnownFileType = sourcecode.swift; path = xmarkButton.swift; sourceTree = "<group>"; };
		5D840E322A053F8100E6EE04 /* CoinLogoView.swift */ = {isa = PBXFileReference; lastKnownFileType = sourcecode.swift; path = CoinLogoView.swift; sourceTree = "<group>"; };
		5D8CB1962A2BC42F009A992A /* ChartView.swift */ = {isa = PBXFileReference; lastKnownFileType = sourcecode.swift; path = ChartView.swift; sourceTree = "<group>"; };
		5D8CB1982A2BC976009A992A /* Date.swift */ = {isa = PBXFileReference; lastKnownFileType = sourcecode.swift; path = Date.swift; sourceTree = "<group>"; };
		5D8CB19A2A2BD15B009A992A /* String.swift */ = {isa = PBXFileReference; lastKnownFileType = sourcecode.swift; path = String.swift; sourceTree = "<group>"; };
		5DB017752A140BED0011A7A7 /* CoinDetailModel.swift */ = {isa = PBXFileReference; lastKnownFileType = sourcecode.swift; path = CoinDetailModel.swift; sourceTree = "<group>"; };
		5DB017782A140EA70011A7A7 /* DetailViewModel.swift */ = {isa = PBXFileReference; lastKnownFileType = sourcecode.swift; path = DetailViewModel.swift; sourceTree = "<group>"; };
		5DB0177A2A140ED20011A7A7 /* CoinDetailDataService.swift */ = {isa = PBXFileReference; lastKnownFileType = sourcecode.swift; path = CoinDetailDataService.swift; sourceTree = "<group>"; };
		5DB048382A01011800884FF9 /* SearchBarView.swift */ = {isa = PBXFileReference; lastKnownFileType = sourcecode.swift; path = SearchBarView.swift; sourceTree = "<group>"; };
		5DB0483A2A01070C00884FF9 /* UIApplicaation.swift */ = {isa = PBXFileReference; lastKnownFileType = sourcecode.swift; path = UIApplicaation.swift; sourceTree = "<group>"; };
		5DB974AB2A0442B90037A799 /* MarketDataModel.swift */ = {isa = PBXFileReference; lastKnownFileType = sourcecode.swift; path = MarketDataModel.swift; sourceTree = "<group>"; };
		5DB974AD2A0446630037A799 /* MarketDataService.swift */ = {isa = PBXFileReference; lastKnownFileType = sourcecode.swift; path = MarketDataService.swift; sourceTree = "<group>"; };
		5DD310D82A0596BF00D121B0 /* PortfolioContainer.xcdatamodel */ = {isa = PBXFileReference; lastKnownFileType = wrapper.xcdatamodel; path = PortfolioContainer.xcdatamodel; sourceTree = "<group>"; };
		5DD310DA2A05973600D121B0 /* PortfolioDataService.swift */ = {isa = PBXFileReference; lastKnownFileType = sourcecode.swift; path = PortfolioDataService.swift; sourceTree = "<group>"; };
		5DD50E102A043B4600D5B879 /* StatisticsModel.swift */ = {isa = PBXFileReference; lastKnownFileType = sourcecode.swift; path = StatisticsModel.swift; sourceTree = "<group>"; };
		5DD50E132A043C6100D5B879 /* StatisticsView.swift */ = {isa = PBXFileReference; lastKnownFileType = sourcecode.swift; path = StatisticsView.swift; sourceTree = "<group>"; };
		5DD50E152A043F0A00D5B879 /* HomeStatsView.swift */ = {isa = PBXFileReference; lastKnownFileType = sourcecode.swift; path = HomeStatsView.swift; sourceTree = "<group>"; };
		5DD6D9942A12CBC000F444BD /* DetailView.swift */ = {isa = PBXFileReference; lastKnownFileType = sourcecode.swift; path = DetailView.swift; sourceTree = "<group>"; };
/* End PBXFileReference section */

/* Begin PBXFrameworksBuildPhase section */
		5D6605DC29F9B43A006FE5AD /* Frameworks */ = {
			isa = PBXFrameworksBuildPhase;
			buildActionMask = 2147483647;
			files = (
			);
			runOnlyForDeploymentPostprocessing = 0;
		};
/* End PBXFrameworksBuildPhase section */

/* Begin PBXGroup section */
		5D2991B829FAF629009F9A9D /* Core */ = {
			isa = PBXGroup;
			children = (
				5D4F9BF02A2D279800207CC0 /* Settings */,
				5DD6D9912A12CB9900F444BD /* Detail */,
				5D2991BF29FAF76A009F9A9D /* Components */,
				5D2991BA29FAF650009F9A9D /* Home */,
			);
			path = Core;
			sourceTree = "<group>";
		};
		5D2991BA29FAF650009F9A9D /* Home */ = {
			isa = PBXGroup;
			children = (
				5D2991BC29FAF65D009F9A9D /* ViewModel */,
				5D2991BB29FAF655009F9A9D /* View */,
			);
			path = Home;
			sourceTree = "<group>";
		};
		5D2991BB29FAF655009F9A9D /* View */ = {
			isa = PBXGroup;
			children = (
				5D2991BD29FAF672009F9A9D /* HomeView.swift */,
				5DD50E152A043F0A00D5B879 /* HomeStatsView.swift */,
				5D4DBCE029FD12CD00627E9C /* CoinRowView.swift */,
				5D840E2D2A053B4900E6EE04 /* PortfolioView.swift */,
			);
			path = View;
			sourceTree = "<group>";
		};
		5D2991BC29FAF65D009F9A9D /* ViewModel */ = {
			isa = PBXGroup;
			children = (
				5D4DBCE629FD1D1C00627E9C /* HomeViewModel.swift */,
			);
			path = ViewModel;
			sourceTree = "<group>";
		};
		5D2991BF29FAF76A009F9A9D /* Components */ = {
			isa = PBXGroup;
			children = (
				5D840E2F2A053B7D00E6EE04 /* Buttons */,
				5DD50E122A043C4E00D5B879 /* StatisticView */,
				5DB048372A0100A100884FF9 /* SearchBar */,
				5D4BAF1D29FFBE4E00B3D3FB /* CoinImage */,
				5D2991C029FAF778009F9A9D /* CircleButton */,
			);
			path = Components;
			sourceTree = "<group>";
		};
		5D2991C029FAF778009F9A9D /* CircleButton */ = {
			isa = PBXGroup;
			children = (
				5D2991C129FAF789009F9A9D /* CircleButtonView.swift */,
			);
			path = CircleButton;
			sourceTree = "<group>";
		};
		5D2991C829FAFF51009F9A9D /* Models */ = {
			isa = PBXGroup;
			children = (
				5D2991C929FAFF9B009F9A9D /* CoinModel.swift */,
				5DB017752A140BED0011A7A7 /* CoinDetailModel.swift */,
				5DD50E102A043B4600D5B879 /* StatisticsModel.swift */,
				5DB974AB2A0442B90037A799 /* MarketDataModel.swift */,
				5DD310D72A0596BF00D121B0 /* PortfolioContainer.xcdatamodeld */,
			);
			path = Models;
			sourceTree = "<group>";
		};
		5D4BAF1D29FFBE4E00B3D3FB /* CoinImage */ = {
			isa = PBXGroup;
			children = (
				5D4BAF1E29FFBE5E00B3D3FB /* CoinImageView.swift */,
				5D4BAF2029FFBE6F00B3D3FB /* CoinImageViewModel.swift */,
				5D840E322A053F8100E6EE04 /* CoinLogoView.swift */,
			);
			path = CoinImage;
			sourceTree = "<group>";
		};
		5D4DBCE829FD45B300627E9C /* Services */ = {
			isa = PBXGroup;
			children = (
				5D4DBCE929FD45F500627E9C /* CoinDataService.swift */,
				5D4BAF2229FFC49A00B3D3FB /* CoinImageService.swift */,
				5DB974AD2A0446630037A799 /* MarketDataService.swift */,
				5DD310DA2A05973600D121B0 /* PortfolioDataService.swift */,
				5DB0177A2A140ED20011A7A7 /* CoinDetailDataService.swift */,
			);
			path = Services;
			sourceTree = "<group>";
		};
		5D4DBCED29FD503000627E9C /* Utilities */ = {
			isa = PBXGroup;
			children = (
				5D4DBCEE29FD505500627E9C /* NetworkingManager.swift */,
				5D3DC88B2A00473500E1CC14 /* LocalFileManager.swift */,
			);
			path = Utilities;
			sourceTree = "<group>";
		};
		5D4F9BF02A2D279800207CC0 /* Settings */ = {
			isa = PBXGroup;
			children = (
				5D4F9BF42A2D28A000207CC0 /* ViewModel */,
				5D4F9BF12A2D27A200207CC0 /* View */,
			);
			path = Settings;
			sourceTree = "<group>";
		};
		5D4F9BF12A2D27A200207CC0 /* View */ = {
			isa = PBXGroup;
			children = (
				5D4F9BF22A2D27AD00207CC0 /* SettingsView.swift */,
			);
			path = View;
			sourceTree = "<group>";
		};
		5D4F9BF42A2D28A000207CC0 /* ViewModel */ = {
			isa = PBXGroup;
			children = (
				5D4F9BF52A2D28AD00207CC0 /* SettigsViewModel.swift */,
			);
			path = ViewModel;
			sourceTree = "<group>";
		};
		5D6605D629F9B43A006FE5AD = {
			isa = PBXGroup;
			children = (
				5D6605E229F9B43A006FE5AD /* Crypto_iOSApp.swift */,
				5D6605E429F9B43A006FE5AD /* ContentView.swift */,
				5D6605E629F9B43B006FE5AD /* Assets.xcassets */,
				5D6605E129F9B43A006FE5AD /* Crypto-iOS */,
				5D6605E029F9B43A006FE5AD /* Products */,
			);
			sourceTree = "<group>";
		};
		5D6605E029F9B43A006FE5AD /* Products */ = {
			isa = PBXGroup;
			children = (
				5D6605DF29F9B43A006FE5AD /* Crypto-iOS.app */,
			);
			name = Products;
			sourceTree = "<group>";
		};
		5D6605E129F9B43A006FE5AD /* Crypto-iOS */ = {
			isa = PBXGroup;
			children = (
				5D4DBCED29FD503000627E9C /* Utilities */,
				5D6605F029F9B692006FE5AD /* Extensions */,
				5D4DBCE829FD45B300627E9C /* Services */,
				5D2991C829FAFF51009F9A9D /* Models */,
				5D2991B829FAF629009F9A9D /* Core */,
				5D6605E829F9B43B006FE5AD /* Preview Content */,
			);
			path = "Crypto-iOS";
			sourceTree = "<group>";
		};
		5D6605E829F9B43B006FE5AD /* Preview Content */ = {
			isa = PBXGroup;
			children = (
				5D6605E929F9B43B006FE5AD /* Preview Assets.xcassets */,
			);
			path = "Preview Content";
			sourceTree = "<group>";
		};
		5D6605F029F9B692006FE5AD /* Extensions */ = {
			isa = PBXGroup;
			children = (
				5D6605F129F9B6A0006FE5AD /* Color.swift */,
				5D4DBCE229FD133100627E9C /* PreviewProvider.swift */,
				5D4DBCE429FD15BB00627E9C /* Double.swift */,
				5D4DBCEB29FD493D00627E9C /* Constants.swift */,
				5DB0483A2A01070C00884FF9 /* UIApplicaation.swift */,
				5D8CB1982A2BC976009A992A /* Date.swift */,
				5D8CB19A2A2BD15B009A992A /* String.swift */,
			);
			path = Extensions;
			sourceTree = "<group>";
		};
		5D840E2F2A053B7D00E6EE04 /* Buttons */ = {
			isa = PBXGroup;
			children = (
				5D840E302A053B8A00E6EE04 /* xmarkButton.swift */,
			);
			path = Buttons;
			sourceTree = "<group>";
		};
		5DB048372A0100A100884FF9 /* SearchBar */ = {
			isa = PBXGroup;
			children = (
				5DB048382A01011800884FF9 /* SearchBarView.swift */,
			);
			path = SearchBar;
			sourceTree = "<group>";
		};
		5DD50E122A043C4E00D5B879 /* StatisticView */ = {
			isa = PBXGroup;
			children = (
				5DD50E132A043C6100D5B879 /* StatisticsView.swift */,
			);
			path = StatisticView;
			sourceTree = "<group>";
		};
		5DD6D9912A12CB9900F444BD /* Detail */ = {
			isa = PBXGroup;
			children = (
				5DD6D9922A12CBA200F444BD /* ViewModel */,
				5DD6D9932A12CBA800F444BD /* View */,
			);
			path = Detail;
			sourceTree = "<group>";
		};
		5DD6D9922A12CBA200F444BD /* ViewModel */ = {
			isa = PBXGroup;
			children = (
				5DB017782A140EA70011A7A7 /* DetailViewModel.swift */,
			);
			path = ViewModel;
			sourceTree = "<group>";
		};
		5DD6D9932A12CBA800F444BD /* View */ = {
			isa = PBXGroup;
			children = (
				5DD6D9942A12CBC000F444BD /* DetailView.swift */,
				5D8CB1962A2BC42F009A992A /* ChartView.swift */,
			);
			path = View;
			sourceTree = "<group>";
		};
/* End PBXGroup section */

/* Begin PBXNativeTarget section */
		5D6605DE29F9B43A006FE5AD /* Crypto-iOS */ = {
			isa = PBXNativeTarget;
			buildConfigurationList = 5D6605ED29F9B43B006FE5AD /* Build configuration list for PBXNativeTarget "Crypto-iOS" */;
			buildPhases = (
				5D6605DB29F9B43A006FE5AD /* Sources */,
				5D6605DC29F9B43A006FE5AD /* Frameworks */,
				5D6605DD29F9B43A006FE5AD /* Resources */,
			);
			buildRules = (
			);
			dependencies = (
			);
			name = "Crypto-iOS";
			productName = "Crypto-iOS";
			productReference = 5D6605DF29F9B43A006FE5AD /* Crypto-iOS.app */;
			productType = "com.apple.product-type.application";
		};
/* End PBXNativeTarget section */

/* Begin PBXProject section */
		5D6605D729F9B43A006FE5AD /* Project object */ = {
			isa = PBXProject;
			attributes = {
				BuildIndependentTargetsInParallel = 1;
				LastSwiftUpdateCheck = 1420;
				LastUpgradeCheck = 1420;
				TargetAttributes = {
					5D6605DE29F9B43A006FE5AD = {
						CreatedOnToolsVersion = 14.2;
					};
				};
			};
			buildConfigurationList = 5D6605DA29F9B43A006FE5AD /* Build configuration list for PBXProject "Crypto-iOS" */;
			compatibilityVersion = "Xcode 14.0";
			developmentRegion = en;
			hasScannedForEncodings = 0;
			knownRegions = (
				en,
				Base,
			);
			mainGroup = 5D6605D629F9B43A006FE5AD;
			productRefGroup = 5D6605E029F9B43A006FE5AD /* Products */;
			projectDirPath = "";
			projectRoot = "";
			targets = (
				5D6605DE29F9B43A006FE5AD /* Crypto-iOS */,
			);
		};
/* End PBXProject section */

/* Begin PBXResourcesBuildPhase section */
		5D6605DD29F9B43A006FE5AD /* Resources */ = {
			isa = PBXResourcesBuildPhase;
			buildActionMask = 2147483647;
			files = (
				5D6605EA29F9B43B006FE5AD /* Preview Assets.xcassets in Resources */,
				5D6605E729F9B43B006FE5AD /* Assets.xcassets in Resources */,
			);
			runOnlyForDeploymentPostprocessing = 0;
		};
/* End PBXResourcesBuildPhase section */

/* Begin PBXSourcesBuildPhase section */
		5D6605DB29F9B43A006FE5AD /* Sources */ = {
			isa = PBXSourcesBuildPhase;
			buildActionMask = 2147483647;
			files = (
				5DD310D92A0596BF00D121B0 /* PortfolioContainer.xcdatamodeld in Sources */,
				5D4BAF2129FFBE6F00B3D3FB /* CoinImageViewModel.swift in Sources */,
				5DB0483B2A01070C00884FF9 /* UIApplicaation.swift in Sources */,
				5D6605E529F9B43A006FE5AD /* ContentView.swift in Sources */,
				5D2991BE29FAF672009F9A9D /* HomeView.swift in Sources */,
				5D6605E329F9B43A006FE5AD /* Crypto_iOSApp.swift in Sources */,
				5D4F9BF32A2D27AD00207CC0 /* SettingsView.swift in Sources */,
				5D3DC88C2A00473500E1CC14 /* LocalFileManager.swift in Sources */,
				5D4F9BF62A2D28AD00207CC0 /* SettigsViewModel.swift in Sources */,
				5DB974AC2A0442B90037A799 /* MarketDataModel.swift in Sources */,
				5DB017762A140BED0011A7A7 /* CoinDetailModel.swift in Sources */,
				5D4DBCE729FD1D1C00627E9C /* HomeViewModel.swift in Sources */,
				5D2991C229FAF789009F9A9D /* CircleButtonView.swift in Sources */,
				5DD50E112A043B4600D5B879 /* StatisticsModel.swift in Sources */,
				5D4BAF1F29FFBE5E00B3D3FB /* CoinImageView.swift in Sources */,
				5D840E312A053B8A00E6EE04 /* xmarkButton.swift in Sources */,
				5DD6D9952A12CBC000F444BD /* DetailView.swift in Sources */,
				5DB017792A140EA70011A7A7 /* DetailViewModel.swift in Sources */,
				5D8CB1992A2BC976009A992A /* Date.swift in Sources */,
				5DD50E142A043C6100D5B879 /* StatisticsView.swift in Sources */,
				5D2991CA29FAFF9B009F9A9D /* CoinModel.swift in Sources */,
				5D4DBCE329FD133100627E9C /* PreviewProvider.swift in Sources */,
				5DB048392A01011800884FF9 /* SearchBarView.swift in Sources */,
				5D4DBCE129FD12CD00627E9C /* CoinRowView.swift in Sources */,
				5D840E332A053F8100E6EE04 /* CoinLogoView.swift in Sources */,
				5DD50E162A043F0A00D5B879 /* HomeStatsView.swift in Sources */,
				5DB974AE2A0446630037A799 /* MarketDataService.swift in Sources */,
				5D4DBCEF29FD505500627E9C /* NetworkingManager.swift in Sources */,
				5D4DBCE529FD15BB00627E9C /* Double.swift in Sources */,
				5D6605F229F9B6A0006FE5AD /* Color.swift in Sources */,
				5D8CB1972A2BC42F009A992A /* ChartView.swift in Sources */,
				5D840E2E2A053B4900E6EE04 /* PortfolioView.swift in Sources */,
				5D8CB19B2A2BD15B009A992A /* String.swift in Sources */,
				5D4DBCEA29FD45F500627E9C /* CoinDataService.swift in Sources */,
				5DB0177B2A140ED20011A7A7 /* CoinDetailDataService.swift in Sources */,
				5D4BAF2329FFC49A00B3D3FB /* CoinImageService.swift in Sources */,
				5D4DBCEC29FD493D00627E9C /* Constants.swift in Sources */,
				5DD310DB2A05973600D121B0 /* PortfolioDataService.swift in Sources */,
			);
			runOnlyForDeploymentPostprocessing = 0;
		};
/* End PBXSourcesBuildPhase section */

/* Begin XCBuildConfiguration section */
		5D6605EB29F9B43B006FE5AD /* Debug */ = {
			isa = XCBuildConfiguration;
			buildSettings = {
				ALWAYS_SEARCH_USER_PATHS = NO;
				CLANG_ANALYZER_NONNULL = YES;
				CLANG_ANALYZER_NUMBER_OBJECT_CONVERSION = YES_AGGRESSIVE;
				CLANG_CXX_LANGUAGE_STANDARD = "gnu++20";
				CLANG_ENABLE_MODULES = YES;
				CLANG_ENABLE_OBJC_ARC = YES;
				CLANG_ENABLE_OBJC_WEAK = YES;
				CLANG_WARN_BLOCK_CAPTURE_AUTORELEASING = YES;
				CLANG_WARN_BOOL_CONVERSION = YES;
				CLANG_WARN_COMMA = YES;
				CLANG_WARN_CONSTANT_CONVERSION = YES;
				CLANG_WARN_DEPRECATED_OBJC_IMPLEMENTATIONS = YES;
				CLANG_WARN_DIRECT_OBJC_ISA_USAGE = YES_ERROR;
				CLANG_WARN_DOCUMENTATION_COMMENTS = YES;
				CLANG_WARN_EMPTY_BODY = YES;
				CLANG_WARN_ENUM_CONVERSION = YES;
				CLANG_WARN_INFINITE_RECURSION = YES;
				CLANG_WARN_INT_CONVERSION = YES;
				CLANG_WARN_NON_LITERAL_NULL_CONVERSION = YES;
				CLANG_WARN_OBJC_IMPLICIT_RETAIN_SELF = YES;
				CLANG_WARN_OBJC_LITERAL_CONVERSION = YES;
				CLANG_WARN_OBJC_ROOT_CLASS = YES_ERROR;
				CLANG_WARN_QUOTED_INCLUDE_IN_FRAMEWORK_HEADER = YES;
				CLANG_WARN_RANGE_LOOP_ANALYSIS = YES;
				CLANG_WARN_STRICT_PROTOTYPES = YES;
				CLANG_WARN_SUSPICIOUS_MOVE = YES;
				CLANG_WARN_UNGUARDED_AVAILABILITY = YES_AGGRESSIVE;
				CLANG_WARN_UNREACHABLE_CODE = YES;
				CLANG_WARN__DUPLICATE_METHOD_MATCH = YES;
				COPY_PHASE_STRIP = NO;
				DEBUG_INFORMATION_FORMAT = dwarf;
				ENABLE_STRICT_OBJC_MSGSEND = YES;
				ENABLE_TESTABILITY = YES;
				GCC_C_LANGUAGE_STANDARD = gnu11;
				GCC_DYNAMIC_NO_PIC = NO;
				GCC_NO_COMMON_BLOCKS = YES;
				GCC_OPTIMIZATION_LEVEL = 0;
				GCC_PREPROCESSOR_DEFINITIONS = (
					"DEBUG=1",
					"$(inherited)",
				);
				GCC_WARN_64_TO_32_BIT_CONVERSION = YES;
				GCC_WARN_ABOUT_RETURN_TYPE = YES_ERROR;
				GCC_WARN_UNDECLARED_SELECTOR = YES;
				GCC_WARN_UNINITIALIZED_AUTOS = YES_AGGRESSIVE;
				GCC_WARN_UNUSED_FUNCTION = YES;
				GCC_WARN_UNUSED_VARIABLE = YES;
				IPHONEOS_DEPLOYMENT_TARGET = 16.2;
				MTL_ENABLE_DEBUG_INFO = INCLUDE_SOURCE;
				MTL_FAST_MATH = YES;
				ONLY_ACTIVE_ARCH = YES;
				SDKROOT = iphoneos;
				SWIFT_ACTIVE_COMPILATION_CONDITIONS = DEBUG;
				SWIFT_OPTIMIZATION_LEVEL = "-Onone";
			};
			name = Debug;
		};
		5D6605EC29F9B43B006FE5AD /* Release */ = {
			isa = XCBuildConfiguration;
			buildSettings = {
				ALWAYS_SEARCH_USER_PATHS = NO;
				CLANG_ANALYZER_NONNULL = YES;
				CLANG_ANALYZER_NUMBER_OBJECT_CONVERSION = YES_AGGRESSIVE;
				CLANG_CXX_LANGUAGE_STANDARD = "gnu++20";
				CLANG_ENABLE_MODULES = YES;
				CLANG_ENABLE_OBJC_ARC = YES;
				CLANG_ENABLE_OBJC_WEAK = YES;
				CLANG_WARN_BLOCK_CAPTURE_AUTORELEASING = YES;
				CLANG_WARN_BOOL_CONVERSION = YES;
				CLANG_WARN_COMMA = YES;
				CLANG_WARN_CONSTANT_CONVERSION = YES;
				CLANG_WARN_DEPRECATED_OBJC_IMPLEMENTATIONS = YES;
				CLANG_WARN_DIRECT_OBJC_ISA_USAGE = YES_ERROR;
				CLANG_WARN_DOCUMENTATION_COMMENTS = YES;
				CLANG_WARN_EMPTY_BODY = YES;
				CLANG_WARN_ENUM_CONVERSION = YES;
				CLANG_WARN_INFINITE_RECURSION = YES;
				CLANG_WARN_INT_CONVERSION = YES;
				CLANG_WARN_NON_LITERAL_NULL_CONVERSION = YES;
				CLANG_WARN_OBJC_IMPLICIT_RETAIN_SELF = YES;
				CLANG_WARN_OBJC_LITERAL_CONVERSION = YES;
				CLANG_WARN_OBJC_ROOT_CLASS = YES_ERROR;
				CLANG_WARN_QUOTED_INCLUDE_IN_FRAMEWORK_HEADER = YES;
				CLANG_WARN_RANGE_LOOP_ANALYSIS = YES;
				CLANG_WARN_STRICT_PROTOTYPES = YES;
				CLANG_WARN_SUSPICIOUS_MOVE = YES;
				CLANG_WARN_UNGUARDED_AVAILABILITY = YES_AGGRESSIVE;
				CLANG_WARN_UNREACHABLE_CODE = YES;
				CLANG_WARN__DUPLICATE_METHOD_MATCH = YES;
				COPY_PHASE_STRIP = NO;
				DEBUG_INFORMATION_FORMAT = "dwarf-with-dsym";
				ENABLE_NS_ASSERTIONS = NO;
				ENABLE_STRICT_OBJC_MSGSEND = YES;
				GCC_C_LANGUAGE_STANDARD = gnu11;
				GCC_NO_COMMON_BLOCKS = YES;
				GCC_WARN_64_TO_32_BIT_CONVERSION = YES;
				GCC_WARN_ABOUT_RETURN_TYPE = YES_ERROR;
				GCC_WARN_UNDECLARED_SELECTOR = YES;
				GCC_WARN_UNINITIALIZED_AUTOS = YES_AGGRESSIVE;
				GCC_WARN_UNUSED_FUNCTION = YES;
				GCC_WARN_UNUSED_VARIABLE = YES;
				IPHONEOS_DEPLOYMENT_TARGET = 16.2;
				MTL_ENABLE_DEBUG_INFO = NO;
				MTL_FAST_MATH = YES;
				SDKROOT = iphoneos;
				SWIFT_COMPILATION_MODE = wholemodule;
				SWIFT_OPTIMIZATION_LEVEL = "-O";
				VALIDATE_PRODUCT = YES;
			};
			name = Release;
		};
		5D6605EE29F9B43B006FE5AD /* Debug */ = {
			isa = XCBuildConfiguration;
			buildSettings = {
				ASSETCATALOG_COMPILER_APPICON_NAME = AppIcon;
				ASSETCATALOG_COMPILER_GLOBAL_ACCENT_COLOR_NAME = AccentColor;
				CODE_SIGN_STYLE = Automatic;
				CURRENT_PROJECT_VERSION = 1;
				DEVELOPMENT_ASSET_PATHS = "\"Crypto-iOS/Preview Content\"";
				DEVELOPMENT_TEAM = G4XLFMNW66;
				ENABLE_PREVIEWS = YES;
				GENERATE_INFOPLIST_FILE = YES;
				INFOPLIST_KEY_CFBundleDisplayName = "Crypto Tracker";
				INFOPLIST_KEY_UIApplicationSceneManifest_Generation = YES;
				INFOPLIST_KEY_UIApplicationSupportsIndirectInputEvents = YES;
				INFOPLIST_KEY_UILaunchScreen_Generation = YES;
				INFOPLIST_KEY_UISupportedInterfaceOrientations = UIInterfaceOrientationPortrait;
				INFOPLIST_KEY_UISupportedInterfaceOrientations_iPad = "UIInterfaceOrientationPortrait UIInterfaceOrientationPortraitUpsideDown";
				LD_RUNPATH_SEARCH_PATHS = (
					"$(inherited)",
					"@executable_path/Frameworks",
				);
				MARKETING_VERSION = 1.0;
				PRODUCT_BUNDLE_IDENTIFIER = "com.PrashannaR.Crypto-iOS";
				PRODUCT_NAME = "$(TARGET_NAME)";
				SWIFT_EMIT_LOC_STRINGS = YES;
				SWIFT_VERSION = 5.0;
				TARGETED_DEVICE_FAMILY = "1,2";
			};
			name = Debug;
		};
		5D6605EF29F9B43B006FE5AD /* Release */ = {
			isa = XCBuildConfiguration;
			buildSettings = {
				ASSETCATALOG_COMPILER_APPICON_NAME = AppIcon;
				ASSETCATALOG_COMPILER_GLOBAL_ACCENT_COLOR_NAME = AccentColor;
				CODE_SIGN_STYLE = Automatic;
				CURRENT_PROJECT_VERSION = 1;
				DEVELOPMENT_ASSET_PATHS = "\"Crypto-iOS/Preview Content\"";
				DEVELOPMENT_TEAM = G4XLFMNW66;
				ENABLE_PREVIEWS = YES;
				GENERATE_INFOPLIST_FILE = YES;
				INFOPLIST_KEY_CFBundleDisplayName = "Crypto Tracker";
				INFOPLIST_KEY_UIApplicationSceneManifest_Generation = YES;
				INFOPLIST_KEY_UIApplicationSupportsIndirectInputEvents = YES;
				INFOPLIST_KEY_UILaunchScreen_Generation = YES;
				INFOPLIST_KEY_UISupportedInterfaceOrientations = UIInterfaceOrientationPortrait;
				INFOPLIST_KEY_UISupportedInterfaceOrientations_iPad = "UIInterfaceOrientationPortrait UIInterfaceOrientationPortraitUpsideDown";
				LD_RUNPATH_SEARCH_PATHS = (
					"$(inherited)",
					"@executable_path/Frameworks",
				);
				MARKETING_VERSION = 1.0;
				PRODUCT_BUNDLE_IDENTIFIER = "com.PrashannaR.Crypto-iOS";
				PRODUCT_NAME = "$(TARGET_NAME)";
				SWIFT_EMIT_LOC_STRINGS = YES;
				SWIFT_VERSION = 5.0;
				TARGETED_DEVICE_FAMILY = "1,2";
			};
			name = Release;
		};
/* End XCBuildConfiguration section */

/* Begin XCConfigurationList section */
		5D6605DA29F9B43A006FE5AD /* Build configuration list for PBXProject "Crypto-iOS" */ = {
			isa = XCConfigurationList;
			buildConfigurations = (
				5D6605EB29F9B43B006FE5AD /* Debug */,
				5D6605EC29F9B43B006FE5AD /* Release */,
			);
			defaultConfigurationIsVisible = 0;
			defaultConfigurationName = Release;
		};
		5D6605ED29F9B43B006FE5AD /* Build configuration list for PBXNativeTarget "Crypto-iOS" */ = {
			isa = XCConfigurationList;
			buildConfigurations = (
				5D6605EE29F9B43B006FE5AD /* Debug */,
				5D6605EF29F9B43B006FE5AD /* Release */,
			);
			defaultConfigurationIsVisible = 0;
			defaultConfigurationName = Release;
		};
/* End XCConfigurationList section */

/* Begin XCVersionGroup section */
		5DD310D72A0596BF00D121B0 /* PortfolioContainer.xcdatamodeld */ = {
			isa = XCVersionGroup;
			children = (
				5DD310D82A0596BF00D121B0 /* PortfolioContainer.xcdatamodel */,
			);
			currentVersion = 5DD310D82A0596BF00D121B0 /* PortfolioContainer.xcdatamodel */;
			path = PortfolioContainer.xcdatamodeld;
			sourceTree = "<group>";
			versionGroupType = wrapper.xcdatamodel;
		};
/* End XCVersionGroup section */
	};
	rootObject = 5D6605D729F9B43A006FE5AD /* Project object */;
}
